# This file is automatically @generated by Poetry 1.8.4 and should not be changed by hand.

[[package]]
name = "absl-py"
version = "2.2.2"
description = "Abseil Python Common Libraries, see https://github.com/abseil/abseil-py."
optional = false
python-versions = ">=3.8"
files = [
    {file = "absl_py-2.2.2-py3-none-any.whl", hash = "sha256:e5797bc6abe45f64fd95dc06394ca3f2bedf3b5d895e9da691c9ee3397d70092"},
    {file = "absl_py-2.2.2.tar.gz", hash = "sha256:bf25b2c2eed013ca456918c453d687eab4e8309fba81ee2f4c1a6aa2494175eb"},
]

[[package]]
name = "python-uinput"
version = "1.0.1"
description = "Pythonic API to Linux uinput kernel module."
optional = false
python-versions = ">=2.7"
files = [
    {file = "python-uinput-1.0.1.tar.gz", hash = "sha256:853697344b64df5537d4ae32ba6fbcf0515d51a9010910f5d5019959038b6eba"},
]

[metadata]
lock-version = "2.0"
python-versions = "^3.8"
content-hash = "51f163044a490144245ac517641521e17ac261922ff80ae6e1da0dc2b312cc6b"
