# This file is automatically @generated by Poetry 1.8.4 and should not be changed by hand.

[[package]]
name = "python-uinput"
version = "1.0.1"
description = "Pythonic API to Linux uinput kernel module."
optional = false
python-versions = ">=2.7"
files = [
    {file = "python-uinput-1.0.1.tar.gz", hash = "sha256:853697344b64df5537d4ae32ba6fbcf0515d51a9010910f5d5019959038b6eba"},
]

[metadata]
lock-version = "2.0"
python-versions = "^3.8"
content-hash = "ecb5b98e14628d8ecc46ab0cc37730e1bc977174616e7fffc1d4c1c0037cb8b4"
